
Microsoft Visual Studio Solution File, Format Version 12.00
# Visual Studio Version 16
VisualStudioVersion = 16.0.31729.503
MinimumVisualStudioVersion = 10.0.40219.1
Project("{FAE04EC0-301F-11D3-BF4B-00C04F79EFBC}") = "8_II_14", "8_II_14\8_II_14.csproj", "{4FB6C1ED-913E-4685-9DB7-45CFB831D1BB}"
EndProject
Global
	GlobalSection(SolutionConfigurationPlatforms) = preSolution
		Debug|Any CPU = Debug|Any CPU
		Release|Any CPU = Release|Any CPU
	EndGlobalSection
	GlobalSection(ProjectConfigurationPlatforms) = postSolution
		{4FB6C1ED-913E-4685-9DB7-45CFB831D1BB}.Debug|Any CPU.ActiveCfg = Debug|Any CPU
		{4FB6C1ED-913E-4685-9DB7-45CFB831D1BB}.Debug|Any CPU.Build.0 = Debug|Any CPU
		{4FB6C1ED-913E-4685-9DB7-45CFB831D1BB}.Release|Any CPU.ActiveCfg = Release|Any CPU
		{4FB6C1ED-913E-4685-9DB7-45CFB831D1BB}.Release|Any CPU.Build.0 = Release|Any CPU
	EndGlobalSection
	GlobalSection(SolutionProperties) = preSolution
		HideSolutionNode = FALSE
	EndGlobalSection
	GlobalSection(ExtensibilityGlobals) = postSolution
		SolutionGuid = {E51EBB98-B2B2-4B7F-A5B7-31A814E5A913}
	EndGlobalSection
EndGlobal
